// !$*UTF8*$!
{
	archiveVersion = 1;
	classes = {
	};
	objectVersion = 50;
	objects = {

/* Begin PBXBuildFile section */
		B51E7FE4216CCFE8001D81B4 /* AppDelegate.swift in Sources */ = {isa = PBXBuildFile; fileRef = B51E7FE3216CCFE8001D81B4 /* AppDelegate.swift */; };
		B51E7FE6216CCFE8001D81B4 /* TodoListViewController.swift in Sources */ = {isa = PBXBuildFile; fileRef = B51E7FE5216CCFE8001D81B4 /* TodoListViewController.swift */; };
		B51E7FE9216CCFE8001D81B4 /* Main.storyboard in Resources */ = {isa = PBXBuildFile; fileRef = B51E7FE7216CCFE8001D81B4 /* Main.storyboard */; };
		B51E7FEB216CCFEA001D81B4 /* Assets.xcassets in Resources */ = {isa = PBXBuildFile; fileRef = B51E7FEA216CCFEA001D81B4 /* Assets.xcassets */; };
		B51E7FEE216CCFEA001D81B4 /* LaunchScreen.storyboard in Resources */ = {isa = PBXBuildFile; fileRef = B51E7FEC216CCFEA001D81B4 /* LaunchScreen.storyboard */; };
		B51E7FF6216E0216001D81B4 /* Item.swift in Sources */ = {isa = PBXBuildFile; fileRef = B51E7FF5216E0216001D81B4 /* Item.swift */; };
/* End PBXBuildFile section */

/* Begin PBXFileReference section */
		B51E7FE0216CCFE8001D81B4 /* Todoey-iOS12.app */ = {isa = PBXFileReference; explicitFileType = wrapper.application; includeInIndex = 0; path = "Todoey-iOS12.app"; sourceTree = BUILT_PRODUCTS_DIR; };
		B51E7FE3216CCFE8001D81B4 /* AppDelegate.swift */ = {isa = PBXFileReference; lastKnownFileType = sourcecode.swift; path = AppDelegate.swift; sourceTree = "<group>"; };
		B51E7FE5216CCFE8001D81B4 /* TodoListViewController.swift */ = {isa = PBXFileReference; lastKnownFileType = sourcecode.swift; path = TodoListViewController.swift; sourceTree = "<group>"; };
		B51E7FE8216CCFE8001D81B4 /* Base */ = {isa = PBXFileReference; lastKnownFileType = file.storyboard; name = Base; path = Base.lproj/Main.storyboard; sourceTree = "<group>"; };
		B51E7FEA216CCFEA001D81B4 /* Assets.xcassets */ = {isa = PBXFileReference; lastKnownFileType = folder.assetcatalog; path = Assets.xcassets; sourceTree = "<group>"; };
		B51E7FED216CCFEA001D81B4 /* Base */ = {isa = PBXFileReference; lastKnownFileType = file.storyboard; name = Base; path = Base.lproj/LaunchScreen.storyboard; sourceTree = "<group>"; };
		B51E7FEF216CCFEA001D81B4 /* Info.plist */ = {isa = PBXFileReference; lastKnownFileType = text.plist.xml; path = Info.plist; sourceTree = "<group>"; };
		B51E7FF5216E0216001D81B4 /* Item.swift */ = {isa = PBXFileReference; lastKnownFileType = sourcecode.swift; path = Item.swift; sourceTree = "<group>"; };
/* End PBXFileReference section */

/* Begin PBXFrameworksBuildPhase section */
		B51E7FDD216CCFE8001D81B4 /* Frameworks */ = {
			isa = PBXFrameworksBuildPhase;
			buildActionMask = 2147483647;
			files = (
			);
			runOnlyForDeploymentPostprocessing = 0;
		};
/* End PBXFrameworksBuildPhase section */

/* Begin PBXGroup section */
		B51E7FD7216CCFE8001D81B4 = {
			isa = PBXGroup;
			children = (
				B51E7FE2216CCFE8001D81B4 /* Todoey-iOS12 */,
				B51E7FE1216CCFE8001D81B4 /* Products */,
			);
			sourceTree = "<group>";
		};
		B51E7FE1216CCFE8001D81B4 /* Products */ = {
			isa = PBXGroup;
			children = (
				B51E7FE0216CCFE8001D81B4 /* Todoey-iOS12.app */,
			);
			name = Products;
			sourceTree = "<group>";
		};
		B51E7FE2216CCFE8001D81B4 /* Todoey-iOS12 */ = {
			isa = PBXGroup;
			children = (
				B51E7FF8216E0294001D81B4 /* Models */,
				B51E7FF7216E0282001D81B4 /* Controllers */,
				B51E7FF9216E02AA001D81B4 /* Views */,
				B51E7FFA216E02BE001D81B4 /* Supporting Files */,
				B51E7FEF216CCFEA001D81B4 /* Info.plist */,
			);
			path = "Todoey-iOS12";
			sourceTree = "<group>";
		};
		B51E7FF7216E0282001D81B4 /* Controllers */ = {
			isa = PBXGroup;
			children = (
				B51E7FE3216CCFE8001D81B4 /* AppDelegate.swift */,
				B51E7FE5216CCFE8001D81B4 /* TodoListViewController.swift */,
			);
			path = Controllers;
			sourceTree = "<group>";
		};
		B51E7FF8216E0294001D81B4 /* Models */ = {
			isa = PBXGroup;
			children = (
				B51E7FF5216E0216001D81B4 /* Item.swift */,
			);
			path = Models;
			sourceTree = "<group>";
		};
		B51E7FF9216E02AA001D81B4 /* Views */ = {
			isa = PBXGroup;
			children = (
				B51E7FE7216CCFE8001D81B4 /* Main.storyboard */,
			);
			path = Views;
			sourceTree = "<group>";
		};
		B51E7FFA216E02BE001D81B4 /* Supporting Files */ = {
			isa = PBXGroup;
			children = (
				B51E7FEA216CCFEA001D81B4 /* Assets.xcassets */,
				B51E7FEC216CCFEA001D81B4 /* LaunchScreen.storyboard */,
			);
			path = "Supporting Files";
			sourceTree = "<group>";
		};
/* End PBXGroup section */

/* Begin PBXNativeTarget section */
		B51E7FDF216CCFE8001D81B4 /* Todoey-iOS12 */ = {
			isa = PBXNativeTarget;
			buildConfigurationList = B51E7FF2216CCFEA001D81B4 /* Build configuration list for PBXNativeTarget "Todoey-iOS12" */;
			buildPhases = (
				B51E7FDC216CCFE8001D81B4 /* Sources */,
				B51E7FDD216CCFE8001D81B4 /* Frameworks */,
				B51E7FDE216CCFE8001D81B4 /* Resources */,
			);
			buildRules = (
			);
			dependencies = (
			);
			name = "Todoey-iOS12";
			productName = "Todoey-iOS12";
			productReference = B51E7FE0216CCFE8001D81B4 /* Todoey-iOS12.app */;
			productType = "com.apple.product-type.application";
		};
/* End PBXNativeTarget section */

/* Begin PBXProject section */
		B51E7FD8216CCFE8001D81B4 /* Project object */ = {
			isa = PBXProject;
			attributes = {
				LastSwiftUpdateCheck = 0940;
				LastUpgradeCheck = 0940;
				ORGANIZATIONNAME = MBhuta;
				TargetAttributes = {
					B51E7FDF216CCFE8001D81B4 = {
						CreatedOnToolsVersion = 9.4.1;
					};
				};
			};
			buildConfigurationList = B51E7FDB216CCFE8001D81B4 /* Build configuration list for PBXProject "Todoey-iOS12" */;
			compatibilityVersion = "Xcode 9.3";
			developmentRegion = en;
			hasScannedForEncodings = 0;
			knownRegions = (
				en,
				Base,
			);
			mainGroup = B51E7FD7216CCFE8001D81B4;
			productRefGroup = B51E7FE1216CCFE8001D81B4 /* Products */;
			projectDirPath = "";
			projectRoot = "";
			targets = (
				B51E7FDF216CCFE8001D81B4 /* Todoey-iOS12 */,
			);
		};
/* End PBXProject section */

/* Begin PBXResourcesBuildPhase section */
		B51E7FDE216CCFE8001D81B4 /* Resources */ = {
			isa = PBXResourcesBuildPhase;
			buildActionMask = 2147483647;
			files = (
				B51E7FEE216CCFEA001D81B4 /* LaunchScreen.storyboard in Resources */,
				B51E7FEB216CCFEA001D81B4 /* Assets.xcassets in Resources */,
				B51E7FE9216CCFE8001D81B4 /* Main.storyboard in Resources */,
			);
			runOnlyForDeploymentPostprocessing = 0;
		};
/* End PBXResourcesBuildPhase section */

/* Begin PBXSourcesBuildPhase section */
		B51E7FDC216CCFE8001D81B4 /* Sources */ = {
			isa = PBXSourcesBuildPhase;
			buildActionMask = 2147483647;
			files = (
				B51E7FE6216CCFE8001D81B4 /* TodoListViewController.swift in Sources */,
				B51E7FF6216E0216001D81B4 /* Item.swift in Sources */,
				B51E7FE4216CCFE8001D81B4 /* AppDelegate.swift in Sources */,
			);
			runOnlyForDeploymentPostprocessing = 0;
		};
/* End PBXSourcesBuildPhase section */

/* Begin PBXVariantGroup section */
		B51E7FE7216CCFE8001D81B4 /* Main.storyboard */ = {
			isa = PBXVariantGroup;
			children = (
				B51E7FE8216CCFE8001D81B4 /* Base */,
			);
			name = Main.storyboard;
			sourceTree = "<group>";
		};
		B51E7FEC216CCFEA001D81B4 /* LaunchScreen.storyboard */ = {
			isa = PBXVariantGroup;
			children = (
				B51E7FED216CCFEA001D81B4 /* Base */,
			);
			name = LaunchScreen.storyboard;
			sourceTree = "<group>";
		};
/* End PBXVariantGroup section */

/* Begin XCBuildConfiguration section */
		B51E7FF0216CCFEA001D81B4 /* Debug */ = {
			isa = XCBuildConfiguration;
			buildSettings = {
				ALWAYS_SEARCH_USER_PATHS = NO;
				CLANG_ANALYZER_NONNULL = YES;
				CLANG_ANALYZER_NUMBER_OBJECT_CONVERSION = YES_AGGRESSIVE;
				CLANG_CXX_LANGUAGE_STANDARD = "gnu++14";
				CLANG_CXX_LIBRARY = "libc++";
				CLANG_ENABLE_MODULES = YES;
				CLANG_ENABLE_OBJC_ARC = YES;
				CLANG_ENABLE_OBJC_WEAK = YES;
				CLANG_WARN_BLOCK_CAPTURE_AUTORELEASING = YES;
				CLANG_WARN_BOOL_CONVERSION = YES;
				CLANG_WARN_COMMA = YES;
				CLANG_WARN_CONSTANT_CONVERSION = YES;
				CLANG_WARN_DEPRECATED_OBJC_IMPLEMENTATIONS = YES;
				CLANG_WARN_DIRECT_OBJC_ISA_USAGE = YES_ERROR;
				CLANG_WARN_DOCUMENTATION_COMMENTS = YES;
				CLANG_WARN_EMPTY_BODY = YES;
				CLANG_WARN_ENUM_CONVERSION = YES;
				CLANG_WARN_INFINITE_RECURSION = YES;
				CLANG_WARN_INT_CONVERSION = YES;
				CLANG_WARN_NON_LITERAL_NULL_CONVERSION = YES;
				CLANG_WARN_OBJC_IMPLICIT_RETAIN_SELF = YES;
				CLANG_WARN_OBJC_LITERAL_CONVERSION = YES;
				CLANG_WARN_OBJC_ROOT_CLASS = YES_ERROR;
				CLANG_WARN_RANGE_LOOP_ANALYSIS = YES;
				CLANG_WARN_STRICT_PROTOTYPES = YES;
				CLANG_WARN_SUSPICIOUS_MOVE = YES;
				CLANG_WARN_UNGUARDED_AVAILABILITY = YES_AGGRESSIVE;
				CLANG_WARN_UNREACHABLE_CODE = YES;
				CLANG_WARN__DUPLICATE_METHOD_MATCH = YES;
				CODE_SIGN_IDENTITY = "iPhone Developer";
				COPY_PHASE_STRIP = NO;
				DEBUG_INFORMATION_FORMAT = dwarf;
				ENABLE_STRICT_OBJC_MSGSEND = YES;
				ENABLE_TESTABILITY = YES;
				GCC_C_LANGUAGE_STANDARD = gnu11;
				GCC_DYNAMIC_NO_PIC = NO;
				GCC_NO_COMMON_BLOCKS = YES;
				GCC_OPTIMIZATION_LEVEL = 0;
				GCC_PREPROCESSOR_DEFINITIONS = (
					"DEBUG=1",
					"$(inherited)",
				);
				GCC_WARN_64_TO_32_BIT_CONVERSION = YES;
				GCC_WARN_ABOUT_RETURN_TYPE = YES_ERROR;
				GCC_WARN_UNDECLARED_SELECTOR = YES;
				GCC_WARN_UNINITIALIZED_AUTOS = YES_AGGRESSIVE;
				GCC_WARN_UNUSED_FUNCTION = YES;
				GCC_WARN_UNUSED_VARIABLE = YES;
				IPHONEOS_DEPLOYMENT_TARGET = 11.4;
				MTL_ENABLE_DEBUG_INFO = YES;
				ONLY_ACTIVE_ARCH = YES;
				SDKROOT = iphoneos;
				SWIFT_ACTIVE_COMPILATION_CONDITIONS = DEBUG;
				SWIFT_OPTIMIZATION_LEVEL = "-Onone";
			};
			name = Debug;
		};
		B51E7FF1216CCFEA001D81B4 /* Release */ = {
			isa = XCBuildConfiguration;
			buildSettings = {
				ALWAYS_SEARCH_USER_PATHS = NO;
				CLANG_ANALYZER_NONNULL = YES;
				CLANG_ANALYZER_NUMBER_OBJECT_CONVERSION = YES_AGGRESSIVE;
				CLANG_CXX_LANGUAGE_STANDARD = "gnu++14";
				CLANG_CXX_LIBRARY = "libc++";
				CLANG_ENABLE_MODULES = YES;
				CLANG_ENABLE_OBJC_ARC = YES;
				CLANG_ENABLE_OBJC_WEAK = YES;
				CLANG_WARN_BLOCK_CAPTURE_AUTORELEASING = YES;
				CLANG_WARN_BOOL_CONVERSION = YES;
				CLANG_WARN_COMMA = YES;
				CLANG_WARN_CONSTANT_CONVERSION = YES;
				CLANG_WARN_DEPRECATED_OBJC_IMPLEMENTATIONS = YES;
				CLANG_WARN_DIRECT_OBJC_ISA_USAGE = YES_ERROR;
				CLANG_WARN_DOCUMENTATION_COMMENTS = YES;
				CLANG_WARN_EMPTY_BODY = YES;
				CLANG_WARN_ENUM_CONVERSION = YES;
				CLANG_WARN_INFINITE_RECURSION = YES;
				CLANG_WARN_INT_CONVERSION = YES;
				CLANG_WARN_NON_LITERAL_NULL_CONVERSION = YES;
				CLANG_WARN_OBJC_IMPLICIT_RETAIN_SELF = YES;
				CLANG_WARN_OBJC_LITERAL_CONVERSION = YES;
				CLANG_WARN_OBJC_ROOT_CLASS = YES_ERROR;
				CLANG_WARN_RANGE_LOOP_ANALYSIS = YES;
				CLANG_WARN_STRICT_PROTOTYPES = YES;
				CLANG_WARN_SUSPICIOUS_MOVE = YES;
				CLANG_WARN_UNGUARDED_AVAILABILITY = YES_AGGRESSIVE;
				CLANG_WARN_UNREACHABLE_CODE = YES;
				CLANG_WARN__DUPLICATE_METHOD_MATCH = YES;
				CODE_SIGN_IDENTITY = "iPhone Developer";
				COPY_PHASE_STRIP = NO;
				DEBUG_INFORMATION_FORMAT = "dwarf-with-dsym";
				ENABLE_NS_ASSERTIONS = NO;
				ENABLE_STRICT_OBJC_MSGSEND = YES;
				GCC_C_LANGUAGE_STANDARD = gnu11;
				GCC_NO_COMMON_BLOCKS = YES;
				GCC_WARN_64_TO_32_BIT_CONVERSION = YES;
				GCC_WARN_ABOUT_RETURN_TYPE = YES_ERROR;
				GCC_WARN_UNDECLARED_SELECTOR = YES;
				GCC_WARN_UNINITIALIZED_AUTOS = YES_AGGRESSIVE;
				GCC_WARN_UNUSED_FUNCTION = YES;
				GCC_WARN_UNUSED_VARIABLE = YES;
				IPHONEOS_DEPLOYMENT_TARGET = 11.4;
				MTL_ENABLE_DEBUG_INFO = NO;
				SDKROOT = iphoneos;
				SWIFT_COMPILATION_MODE = wholemodule;
				SWIFT_OPTIMIZATION_LEVEL = "-O";
				VALIDATE_PRODUCT = YES;
			};
			name = Release;
		};
		B51E7FF3216CCFEA001D81B4 /* Debug */ = {
			isa = XCBuildConfiguration;
			buildSettings = {
				ASSETCATALOG_COMPILER_APPICON_NAME = AppIcon;
				CODE_SIGN_STYLE = Automatic;
				DEVELOPMENT_TEAM = MN8WJA5CA9;
				INFOPLIST_FILE = "Todoey-iOS12/Info.plist";
				LD_RUNPATH_SEARCH_PATHS = (
					"$(inherited)",
					"@executable_path/Frameworks",
				);
				PRODUCT_BUNDLE_IDENTIFIER = "Mikhail-Bhuta.Todoey-iOS12";
				PRODUCT_NAME = "$(TARGET_NAME)";
				SWIFT_VERSION = 4.0;
				TARGETED_DEVICE_FAMILY = "1,2";
			};
			name = Debug;
		};
		B51E7FF4216CCFEA001D81B4 /* Release */ = {
			isa = XCBuildConfiguration;
			buildSettings = {
				ASSETCATALOG_COMPILER_APPICON_NAME = AppIcon;
				CODE_SIGN_STYLE = Automatic;
				DEVELOPMENT_TEAM = MN8WJA5CA9;
				INFOPLIST_FILE = "Todoey-iOS12/Info.plist";
				LD_RUNPATH_SEARCH_PATHS = (
					"$(inherited)",
					"@executable_path/Frameworks",
				);
				PRODUCT_BUNDLE_IDENTIFIER = "Mikhail-Bhuta.Todoey-iOS12";
				PRODUCT_NAME = "$(TARGET_NAME)";
				SWIFT_VERSION = 4.0;
				TARGETED_DEVICE_FAMILY = "1,2";
			};
			name = Release;
		};
/* End XCBuildConfiguration section */

/* Begin XCConfigurationList section */
		B51E7FDB216CCFE8001D81B4 /* Build configuration list for PBXProject "Todoey-iOS12" */ = {
			isa = XCConfigurationList;
			buildConfigurations = (
				B51E7FF0216CCFEA001D81B4 /* Debug */,
				B51E7FF1216CCFEA001D81B4 /* Release */,
			);
			defaultConfigurationIsVisible = 0;
			defaultConfigurationName = Release;
		};
		B51E7FF2216CCFEA001D81B4 /* Build configuration list for PBXNativeTarget "Todoey-iOS12" */ = {
			isa = XCConfigurationList;
			buildConfigurations = (
				B51E7FF3216CCFEA001D81B4 /* Debug */,
				B51E7FF4216CCFEA001D81B4 /* Release */,
			);
			defaultConfigurationIsVisible = 0;
			defaultConfigurationName = Release;
		};
/* End XCConfigurationList section */
	};
	rootObject = B51E7FD8216CCFE8001D81B4 /* Project object */;
}
